PODS:
  - Crashlytics (3.10.9):
    - Fabric (~> 1.7.13)
  - Fabric (1.7.13)
  - Firebase/Core (5.3.0):
    - Firebase/CoreOnly
    - FirebaseAnalytics (= 5.0.1)
  - Firebase/CoreOnly (5.3.0):
    - FirebaseCore (= 5.0.4)
  - Firebase/Messaging (5.3.0):
    - Firebase/CoreOnly
    - FirebaseMessaging (= 3.0.2)
  - FirebaseAnalytics (5.0.1):
    - FirebaseCore (~> 5.0)
    - FirebaseInstanceID (~> 3.0)
    - "GoogleToolboxForMac/NSData+zlib (~> 2.1)"
    - nanopb (~> 0.3)
  - FirebaseCore (5.0.4):
    - "GoogleToolboxForMac/NSData+zlib (~> 2.1)"
  - FirebaseInstanceID (3.1.1):
    - FirebaseCore (~> 5.0)
  - FirebaseMessaging (3.0.2):
    - FirebaseCore (~> 5.0)
    - FirebaseInstanceID (~> 3.0)
    - GoogleToolboxForMac/Logger (~> 2.1)
    - Protobuf (~> 3.1)
  - FLAnimatedImage (1.0.12)
  - Google-Maps-iOS-Utils (2.1.0):
    - Google-Maps-iOS-Utils/Clustering (= 2.1.0)
    - Google-Maps-iOS-Utils/Geometry (= 2.1.0)
    - Google-Maps-iOS-Utils/Heatmap (= 2.1.0)
    - Google-Maps-iOS-Utils/QuadTree (= 2.1.0)
    - GoogleMaps
  - Google-Maps-iOS-Utils/Clustering (2.1.0):
    - Google-Maps-iOS-Utils/QuadTree
    - GoogleMaps
  - Google-Maps-iOS-Utils/Geometry (2.1.0):
    - GoogleMaps
  - Google-Maps-iOS-Utils/Heatmap (2.1.0):
    - Google-Maps-iOS-Utils/QuadTree
    - GoogleMaps
  - Google-Maps-iOS-Utils/QuadTree (2.1.0):
    - GoogleMaps
  - GoogleAppMeasurement (5.4.0):
    - GoogleUtilities/AppDelegateSwizzler (~> 5.2)
    - GoogleUtilities/MethodSwizzler (~> 5.2)
    - GoogleUtilities/Network (~> 5.2)
    - "GoogleUtilities/NSData+zlib (~> 5.2)"
    - nanopb (~> 0.3)
  - GoogleMaps (2.5.0):
    - GoogleMaps/Maps (= 2.5.0)
  - GoogleMaps/Base (2.5.0)
  - GoogleMaps/Maps (2.5.0):
    - GoogleMaps/Base
  - GoogleToolboxForMac/Defines (2.2.1)
  - GoogleToolboxForMac/Logger (2.2.1):
    - GoogleToolboxForMac/Defines (= 2.2.1)
  - "GoogleToolboxForMac/NSData+zlib (2.2.1)":
    - GoogleToolboxForMac/Defines (= 2.2.1)
  - GoogleUtilities (5.3.7):
    - GoogleUtilities/AppDelegateSwizzler (= 5.3.7)
    - GoogleUtilities/Environment (= 5.3.7)
    - GoogleUtilities/ISASwizzler (= 5.3.7)
    - GoogleUtilities/Logger (= 5.3.7)
    - GoogleUtilities/MethodSwizzler (= 5.3.7)
    - GoogleUtilities/Network (= 5.3.7)
    - "GoogleUtilities/NSData+zlib (= 5.3.7)"
    - GoogleUtilities/Reachability (= 5.3.7)
    - GoogleUtilities/SwizzlerTestHelpers (= 5.3.7)
    - GoogleUtilities/UserDefaults (= 5.3.7)
  - GoogleUtilities/AppDelegateSwizzler (5.3.7):
    - GoogleUtilities/Environment
    - GoogleUtilities/Logger
    - GoogleUtilities/Network
  - GoogleUtilities/Environment (5.3.7)
  - GoogleUtilities/ISASwizzler (5.3.7)
  - GoogleUtilities/Logger (5.3.7):
    - GoogleUtilities/Environment
  - GoogleUtilities/MethodSwizzler (5.3.7):
    - GoogleUtilities/Logger
  - GoogleUtilities/Network (5.3.7):
    - GoogleUtilities/Logger
    - "GoogleUtilities/NSData+zlib"
    - GoogleUtilities/Reachability
  - "GoogleUtilities/NSData+zlib (5.3.7)"
  - GoogleUtilities/Reachability (5.3.7):
    - GoogleUtilities/Logger
  - GoogleUtilities/SwizzlerTestHelpers (5.3.7)
  - GoogleUtilities/UserDefaults (5.3.7):
    - GoogleUtilities/Logger
  - nanopb (0.3.901):
    - nanopb/decode (= 0.3.901)
    - nanopb/encode (= 0.3.901)
  - nanopb/decode (0.3.901)
  - nanopb/encode (0.3.901)
  - OneSignal (2.10.0)
  - Protobuf (3.7.0)
  - React (0.57.1):
    - React/Core (= 0.57.1)
  - react-native-blur (0.8.0):
    - React
  - react-native-fast-image (5.1.2):
    - FLAnimatedImage
    - React
    - SDWebImage/Core
    - SDWebImage/GIF
  - react-native-google-maps (0.24.0):
    - Google-Maps-iOS-Utils (= 2.1.0)
    - GoogleMaps (= 2.5.0)
    - React
  - react-native-mapbox-gl (6.1.4):
    - React
  - react-native-maps (0.24.0):
    - React
  - react-native-onesignal (3.2.13):
    - OneSignal (= 2.10.0)
    - React
  - react-native-version-number (0.3.5):
    - React
  - React/Core (0.57.1):
    - yoga (= 0.57.1.React)
  - React/RCTImage (0.57.1):
    - React/Core
    - React/RCTNetwork
  - React/RCTNetwork (0.57.1):
    - React/Core
  - RNDeviceInfo (0.21.5):
    - React
  - RNFS (2.13.3):
    - React
  - RNLanguages (3.0.2):
    - React
  - RNReanimated (1.0.0-alpha.12):
    - React
  - RNScreens (1.0.0-alpha.22):
    - React
  - SDWebImage/Core (4.4.6)
  - SDWebImage/GIF (4.4.6):
    - FLAnimatedImage (~> 1.0)
    - SDWebImage/Core
  - yoga (0.57.1.React)

DEPENDENCIES:
  - Crashlytics (~> 3.10.7)
  - Fabric (~> 1.7.11)
  - Firebase/Core (~> 5.3.0)
  - Firebase/Messaging (~> 5.3.0)
  - Google-Maps-iOS-Utils (= 2.1.0)
  - GoogleAppMeasurement (= 5.4)
  - GoogleMaps (= 2.5.0)
  - GoogleUtilities (= 5.3.7)
  - react-native-blur (from `../node_modules/react-native-blur`)
  - react-native-fast-image (from `../node_modules/react-native-fast-image`)
  - react-native-google-maps (from `../node_modules/react-native-maps`)
  - "react-native-mapbox-gl (from `../node_modules/@mapbox/react-native-mapbox-gl`)"
  - react-native-maps (from `../node_modules/react-native-maps`)
  - react-native-onesignal (from `../node_modules/react-native-onesignal`)
  - react-native-version-number (from `../node_modules/react-native-version-number`)
  - React/RCTImage (from `../node_modules/react-native`)
  - RNDeviceInfo (from `../node_modules/react-native-device-info`)
  - RNFS (from `../node_modules/react-native-fs`)
  - RNLanguages (from `../node_modules/react-native-languages`)
  - RNReanimated (from `../node_modules/react-native-reanimated`)
  - RNScreens (from `../node_modules/react-native-screens`)
  - yoga (from `../node_modules/react-native/ReactCommon/yoga/yoga.podspec`)

SPEC REPOS:
  https://github.com/cocoapods/specs.git:
    - Crashlytics
    - Fabric
    - Firebase
    - FirebaseAnalytics
    - FirebaseCore
    - FirebaseInstanceID
    - FirebaseMessaging
    - FLAnimatedImage
    - Google-Maps-iOS-Utils
    - GoogleAppMeasurement
    - GoogleMaps
    - GoogleToolboxForMac
    - GoogleUtilities
    - nanopb
    - OneSignal
    - Protobuf
    - SDWebImage

EXTERNAL SOURCES:
  React:
    :path: "../node_modules/react-native"
  react-native-blur:
    :path: "../node_modules/react-native-blur"
  react-native-fast-image:
    :path: "../node_modules/react-native-fast-image"
  react-native-google-maps:
    :path: "../node_modules/react-native-maps"
  react-native-mapbox-gl:
    :path: "../node_modules/@mapbox/react-native-mapbox-gl"
  react-native-maps:
    :path: "../node_modules/react-native-maps"
  react-native-onesignal:
    :path: "../node_modules/react-native-onesignal"
  react-native-version-number:
    :path: "../node_modules/react-native-version-number"
  RNDeviceInfo:
    :path: "../node_modules/react-native-device-info"
  RNFS:
    :path: "../node_modules/react-native-fs"
  RNLanguages:
    :path: "../node_modules/react-native-languages"
  RNReanimated:
    :path: "../node_modules/react-native-reanimated"
  RNScreens:
    :path: "../node_modules/react-native-screens"
  yoga:
    :path: "../node_modules/react-native/ReactCommon/yoga/yoga.podspec"

SPEC CHECKSUMS:
  Crashlytics: 55e24fc23989680285a21cb1146578d9d18e432c
  Fabric: 25d0963b691fc97be566392243ff0ecef5a68338
  Firebase: 68afeeb05461db02d7c9e3215cda28068670f4aa
  FirebaseAnalytics: b3628aea54c50464c32c393fb2ea032566e7ecc2
  FirebaseCore: 62f1b792a49bb9e8b4073f24606d2c93ffc352f0
  FirebaseInstanceID: f3f0657372592ecdfdfe2cac604a5a75758376a6
  FirebaseMessaging: 6894b8fe0a0cf26c3b13dad729f1131654ae0bdb
  FLAnimatedImage: 4a0b56255d9b05f18b6dd7ee06871be5d3b89e31
  Google-Maps-iOS-Utils: c32891ff472eaaa1fca032beedafa1a013af7875
  GoogleAppMeasurement: 98b71f5e04142793729a5ef23e5b96651ff4b70f
  GoogleMaps: c087b8e5dfe87ca6ebf59adb9b4894a4146bec4f
  GoogleToolboxForMac: b3553629623a3b1bff17f555e736cd5a6d95ad55
  GoogleUtilities: 111a012f4c3a29c9e7c954c082fafd6ee3c999c0
  nanopb: 2901f78ea1b7b4015c860c2fdd1ea2fee1a18d48
  OneSignal: 0f5ff711d9f25da54885e4ab06ef0abc221a46ef
  Protobuf: 7a877b7f3e5964e3fce995e2eb323dbc6831bb5a
  React: 1fe0eb13d90b625d94c3b117c274dcfd2e760e11
  react-native-blur: c35c1f6c2c76db7108bde7ed343bd2b01d64e0c0
  react-native-fast-image: cba3d9bf9c2cf8ddb643d887a686c53a5dd90a2c
  react-native-google-maps: 77af0fa3b5325c72c107d054677911f6e6170496
  react-native-mapbox-gl: b42480060cdcc515dfa3d8e403fb4dd32466a1b9
  react-native-maps: bb480348a3fe1e5a811fed1ba3387b329161c5cc
  react-native-onesignal: 5bdaf1bd3141482b3376922aa0a854ad796f5683
  react-native-version-number: 36c0d8eb57a275a6239a860f8dbab3d18299b0e0
  RNDeviceInfo: 568c5641057313b4912d08a7742ff0b2f753ed5c
  RNFS: bbb1a64eb245763daf34aea86f97c97c4e85f74c
  RNLanguages: e3ae05ef105937645218272429dac0c3f7633451
  RNReanimated: 45d9313b7a62318ed00d60a811937321e43e076e
  RNScreens: 354046589421edc3d83d5c6212475bf1fb9a731d
  SDWebImage: 3f3f0c02f09798048c47a5ed0a13f17b063572d8
  yoga: b1ce48b6cf950b98deae82838f5173ea7cf89e85

PODFILE CHECKSUM: d9f45afa2d6cb5f178f808c8447c67d8d2b68c0c

COCOAPODS: 1.5.3
